
Microsoft Visual Studio Solution File, Format Version 12.00
# Visual Studio Version 17
VisualStudioVersion = 17.11.35312.102
MinimumVisualStudioVersion = 10.0.40219.1
Project("{FAE04EC0-301F-11D3-BF4B-00C04F79EFBC}") = "HospiPlusPOE", "HospiPlusPOE\HospiPlusPOE.csproj", "{5CB7C666-B52E-4657-A916-AF124D2D6908}"
EndProject
Global
	GlobalSection(SolutionConfigurationPlatforms) = preSolution
		Debug|Any CPU = Debug|Any CPU
		Release|Any CPU = Release|Any CPU
	EndGlobalSection
	GlobalSection(ProjectConfigurationPlatforms) = postSolution
		{5CB7C666-B52E-4657-A916-AF124D2D6908}.Debug|Any CPU.ActiveCfg = Debug|Any CPU
		{5CB7C666-B52E-4657-A916-AF124D2D6908}.Debug|Any CPU.Build.0 = Debug|Any CPU
		{5CB7C666-B52E-4657-A916-AF124D2D6908}.Release|Any CPU.ActiveCfg = Release|Any CPU
		{5CB7C666-B52E-4657-A916-AF124D2D6908}.Release|Any CPU.Build.0 = Release|Any CPU
	EndGlobalSection
	GlobalSection(SolutionProperties) = preSolution
		HideSolutionNode = FALSE
	EndGlobalSection
	GlobalSection(ExtensibilityGlobals) = postSolution
		SolutionGuid = {7252D808-2616-4889-9007-BB131BAD9D1E}
	EndGlobalSection
EndGlobal
